# THIS IS AN AUTOGENERATED FILE. DO NOT EDIT THIS FILE DIRECTLY.
# yarn lockfile v1


"@babel/helper-string-parser@^7.29.7":
  version "7.29.7"
  resolved "https://registry.yarnpkg.com/@babel/helper-string-parser/-/helper-string-parser-7.29.7.tgz#7f0871d99824d23137d60f86fcf6130fd5a1b51f"
  integrity sha512-Pb5ijPrZ89GDH8223L4UP8i6QApWxs04RbPQJTeWDV0/keR2E36MeKnyr6LYmUUvqRRI+Iv87SuF1W6ErINzYw==

"@babel/helper-validator-identifier@^7.29.7":
  version "7.29.7"
  resolved "https://registry.yarnpkg.com/@babel/helper-validator-identifier/-/helper-validator-identifier-7.29.7.tgz#bd87084ced0c796ec46bda492de6e83d29e89fc2"
  integrity sha512-qehxGkRj55h/ff8EMaJ+cYhyaKlHIxqYDn682wQD7RNp9UujOQsHog2uS0r2vzr4pW+sXf90NeeayjcNaX3fFg==

"@babel/parser@^7.28.5", "@babel/parser@^7.29.2", "@babel/parser@^7.29.8":
  version "7.29.9"
  resolved "https://registry.yarnpkg.com/@babel/parser/-/parser-7.29.9.tgz#e7ee0a24f752c5296c6455855ccb72662e67ea96"
  integrity sha512-CjXrNHTnvqBVqHgdBysY3vk2T8tpJHb5/RMeHJBTyVa9xgugCB0CJTx/3oO8RV2QRQP391RWpB7D6hLjm8V9uA==
  dependencies:
    "@babel/types" "^7.29.8"

"@babel/types@^7.29.0", "@babel/types@^7.29.8":
  version "7.29.8"
  resolved "https://registry.yarnpkg.com/@babel/types/-/types-7.29.8.tgz#1229eef31d85156d70fa3f4cd859376d0eaf6863"
  integrity sha512-Vj1jF3cPfxg7OAfoI7QnVKLoILlm2JF9pnVHrX8qx7AHMiYWT+NDAA7jChlNgRS4WTLc/fD1lXLmPixluj+3Gg==
  dependencies:
    "@babel/helper-string-parser" "^7.29.7"
    "@babel/helper-validator-identifier" "^7.29.7"

"@css-render/plugin-bem@^0.15.14":
  version "0.15.14"
  resolved "https://registry.yarnpkg.com/@css-render/plugin-bem/-/plugin-bem-0.15.14.tgz#de13fc9f59299c2b646119851763dfa08929b3c1"
  integrity sha512-QK513CJ7yEQxm/P3EwsI+d+ha8kSOcjGvD6SevM41neEMxdULE+18iuQK6tEChAWMOQNQPLG/Rw3Khb69r5neg==

"@css-render/vue3-ssr@^0.15.10", "@css-render/vue3-ssr@^0.15.14":
  version "0.15.14"
  resolved "https://registry.yarnpkg.com/@css-render/vue3-ssr/-/vue3-ssr-0.15.14.tgz#a2f4dedc3e86211a3ce1445555265095b7736491"
  integrity sha512-//8027GSbxE9n3QlD73xFY6z4ZbHbvrOVB7AO6hsmrEzGbg+h2A09HboUyDgu+xsmj7JnvJD39Irt+2D0+iV8g==

"@emotion/hash@~0.8.0":
  version "0.8.0"
  resolved "https://registry.yarnpkg.com/@emotion/hash/-/hash-0.8.0.tgz#bbbff68978fefdbe68ccb533bc8cbe1d1afb5413"
  integrity sha512-kBJtf7PH6aWwZ6fka3zQ0p6SBYzx4fl1LoZXE2RrnYST9Xljm7WfKJrU4g/Xr3Beg72MLrp1AWNUmuYJTL7Cow==

"@intlify/core-base@11.4.13":
  version "11.4.13"
  resolved "https://registry.yarnpkg.com/@intlify/core-base/-/core-base-11.4.13.tgz#6db0f3e1488b30cfceab7175bb1e2e22efe07a5d"
  integrity sha512-3qGv1/j0fl6ZSeehGaznE78A4i3hCaOeOyDh7jq7SV6ch/XGoy96xIrYuALTV3xhIqj2rktsIKcwlLZ3CbOhkA==
  dependencies:
    "@intlify/devtools-types" "11.4.13"
    "@intlify/message-compiler" "11.4.13"
    "@intlify/shared" "11.4.13"

"@intlify/devtools-types@11.4.13":
  version "11.4.13"
  resolved "https://registry.yarnpkg.com/@intlify/devtools-types/-/devtools-types-11.4.13.tgz#49fe57f2c8e967fc1094a93ac5751ec460334a86"
  integrity sha512-f38d2yvjNc1/c+BnTLsxTB0729clTtyy7kTxHu4FFlvI6FpmBOp7b9sLYtsKJpXSZ70kIEexvNwDSzLkIlYnlQ==
  dependencies:
    "@intlify/core-base" "11.4.13"
    "@intlify/shared" "11.4.13"

"@intlify/message-compiler@11.4.13":
  version "11.4.13"
  resolved "https://registry.yarnpkg.com/@intlify/message-compiler/-/message-compiler-11.4.13.tgz#70bfe20b5c1ed90b60128f155cee33ba7ca1c2d8"
  integrity sha512-cjKsDeWUD/i3mj0QtC8hydLCFP5mgZtTU1xZZaN9/O3FG94EXc0rTbecYpifglp26rpoJoIjSlW137VejLKsZw==
  dependencies:
    "@intlify/shared" "11.4.13"
    source-map-js "^1.0.2"

"@intlify/shared@11.4.13":
  version "11.4.13"
  resolved "https://registry.yarnpkg.com/@intlify/shared/-/shared-11.4.13.tgz#b803a658d2320c116fb1409ebd63d9775ae2280b"
  integrity sha512-ZjcNgEED1FtTCFb+ohWBdR21k5kvleKtM9peobQtLB83mNIfEhJK86dEbhfk+OcUrybrEbc4eDeE9UbFUVHsjQ==

"@jridgewell/gen-mapping@^0.3.5":
  version "0.3.13"
  resolved "https://registry.yarnpkg.com/@jridgewell/gen-mapping/-/gen-mapping-0.3.13.tgz#6342a19f44347518c93e43b1ac69deb3c4656a1f"
  integrity sha512-2kkt/7niJ6MgEPxF0bYdQ6etZaA+fQvDcLKckhy1yIQOzaoKjBBjSj63/aLVjYE3qhRt5dvM+uUyfCg6UKCBbA==
  dependencies:
    "@jridgewell/sourcemap-codec" "^1.5.0"
    "@jridgewell/trace-mapping" "^0.3.24"

"@jridgewell/remapping@^2.3.5":
  version "2.3.5"
  resolved "https://registry.yarnpkg.com/@jridgewell/remapping/-/remapping-2.3.5.tgz#375c476d1972947851ba1e15ae8f123047445aa1"
  integrity sha512-LI9u/+laYG4Ds1TDKSJW2YPrIlcVYOwi2fUC6xB43lueCjgxV4lffOCZCtYFiH6TNOX+tQKXx97T4IKHbhyHEQ==
  dependencies:
    "@jridgewell/gen-mapping" "^0.3.5"
    "@jridgewell/trace-mapping" "^0.3.24"

"@jridgewell/resolve-uri@^3.1.0":
  version "3.1.2"
  resolved "https://registry.yarnpkg.com/@jridgewell/resolve-uri/-/resolve-uri-3.1.2.tgz#7a0ee601f60f99a20c7c7c5ff0c80388c1189bd6"
  integrity sha512-bRISgCIjP20/tbWSPWMEi54QVPRZExkuD9lJL+UIxUKtwVJA8wW1Trb1jMs1RFXo1CBTNZ/5hpC9QvmKWdopKw==

"@jridgewell/sourcemap-codec@^1.4.14", "@jridgewell/sourcemap-codec@^1.5.0", "@jridgewell/sourcemap-codec@^1.5.5":
  version "1.6.0"
  resolved "https://registry.yarnpkg.com/@jridgewell/sourcemap-codec/-/sourcemap-codec-1.6.0.tgz#f4c663e862f06dc98ca4d453862c46902789a18d"
  integrity sha512-T7jf+5zgsZHwNJ4lvQ7/aezbyk0nNX+zJVWpmHA7VYsEx7a7qr5Rg5IbtJFqkgze5Y2sruq1RUY8Q837Od7iFw==

"@jridgewell/trace-mapping@^0.3.24":
  version "0.3.31"
  resolved "https://registry.yarnpkg.com/@jridgewell/trace-mapping/-/trace-mapping-0.3.31.tgz#db15d6781c931f3a251a3dac39501c98a6082fd0"
  integrity sha512-zzNR+SdQSDJzc8joaeP8QQoCQr8NuYx2dIIytl1QeBEZHJ9uW6hebsrYgbz8hJwUQao3TWCMtmfV8Nu1twOLAw==
  dependencies:
    "@jridgewell/resolve-uri" "^3.1.0"
    "@jridgewell/sourcemap-codec" "^1.4.14"

"@juggle/resize-observer@^3.3.1":
  version "3.4.0"
  resolved "https://registry.yarnpkg.com/@juggle/resize-observer/-/resize-observer-3.4.0.tgz#08d6c5e20cf7e4cc02fd181c4b0c225cd31dbb60"
  integrity sha512-dfLbk+PwWvFzSxwk3n5ySL0hfBog779o8h68wK/7/APo/7cgyWp5jcXockbxdk5kFRkbeXWm4Fbi9FrdN381sA==

"@oxc-project/types@=0.152.0":
  version "0.152.0"
  resolved "https://registry.yarnpkg.com/@oxc-project/types/-/types-0.152.0.tgz#643ff80ce7aacea025f859f13b60cbb42ae0a613"
  integrity sha512-oM/5rLBm2tPkg0iBgkH/FOeR3PCDpY19GTgAZjMFM8h9WI9VW7cLgzp6nwtarYKmovavIQZ+Fe/RKX/8C8O/Rw==

"@rolldown/binding-android-arm-eabi@1.2.12":
  version "1.2.12"
  resolved "https://registry.yarnpkg.com/@rolldown/binding-android-arm-eabi/-/binding-android-arm-eabi-1.2.12.tgz#efba4353480c76804606f106c9ac01f0ddfa7d13"
  integrity sha512-dB/a1214qKfHMXCpgqR4OZT+jS4kTyEXbQGJPqzobt5EwH5rX080pxE37alt3RzvR1bf1Yz/yGqRfrYAxuPw0A==

"@rolldown/binding-android-arm64@1.2.12":
  version "1.2.12"
  resolved "https://registry.yarnpkg.com/@rolldown/binding-android-arm64/-/binding-android-arm64-1.2.12.tgz#6255422c39c2b45ee44b0286df902b9481f76ecb"
  integrity sha512-7KHFgQ5VJxIHcLlrwrc3Xbds7oTNQT7Pgi9gQCJKrd2VGab/UksIOYp6VD8MzCstGxOKMgNamPwUCfxPdP1OHg==

"@rolldown/binding-darwin-arm64@1.2.12":
  version "1.2.12"
  resolved "https://registry.yarnpkg.com/@rolldown/binding-darwin-arm64/-/binding-darwin-arm64-1.2.12.tgz#2d7d153d657f5ee4d44abb752ae7d64cac049ca5"
  integrity sha512-3YIhqHD96nA5SaYNRBR16HnGv4oavZvXfD/ayHM+oYZ0WD/8lBAtf6zQua4kEyAvpqrluKXl0lnOBoiNby7x9w==

"@rolldown/binding-darwin-x64@1.2.12":
  version "1.2.12"
  resolved "https://registry.yarnpkg.com/@rolldown/binding-darwin-x64/-/binding-darwin-x64-1.2.12.tgz#7ddc83ecef05fb28f1174e5be3eb4ae5307faedf"
  integrity sha512-UuuJ35MFw4gmFOrE9pEqIV+K3syIKveph+Qc1/ljHZVdoDW4pz/JHR/eMVom+TZGl/5OOvGJOWaOCVt3ZfqhxA==

"@rolldown/binding-freebsd-x64@1.2.12":
  version "1.2.12"
  resolved "https://registry.yarnpkg.com/@rolldown/binding-freebsd-x64/-/binding-freebsd-x64-1.2.12.tgz#9e68e57cc3a1c5ea363129234fd5dcc8537606dd"
  integrity sha512-uMvssit0a4W+/7D8CbHUvG719mH3R2jwXAlh/XcPvuHTE0g++LymF88DCGNX0HM2rBOn0xrzgXktIB6fLSJBTQ==

"@rolldown/binding-linux-arm-gnueabihf@1.2.12":
  version "1.2.12"
  resolved "https://registry.yarnpkg.com/@rolldown/binding-linux-arm-gnueabihf/-/binding-linux-arm-gnueabihf-1.2.12.tgz#335b4f2cbf8c8a2d1016f79feeb0187c578f5f7a"
  integrity sha512-XcFu0R0xWnwzSf4IQgFH1rJIckPN1pLy2R+4r9IDB7Yfu/ys9cVqfa4pBrMHj7a3gl8mIR4nRNPg0e5IvEVs6g==

"@rolldown/binding-linux-arm64-gnu@1.2.12":
  version "1.2.12"
  resolved "https://registry.yarnpkg.com/@rolldown/binding-linux-arm64-gnu/-/binding-linux-arm64-gnu-1.2.12.tgz#759fc27992583653f87dc447b4be02b4ddd0d1b4"
  integrity sha512-260UrKgn8tz39ak+SMDOirKzr7V04M9dWPw5llW00SwBivCZoWcRBKV1d8cXnRkUmSZA3BdiUmBHWk7734Ulpw==

"@rolldown/binding-linux-arm64-musl@1.2.12":
  version "1.2.12"
  resolved "https://registry.yarnpkg.com/@rolldown/binding-linux-arm64-musl/-/binding-linux-arm64-musl-1.2.12.tgz#e1f3094429a874cb76e2c7735759d333ad8f6791"
  integrity sha512-5YK1I9SqDkbPgc1IA8BgDl34suqUS2q0KWnBrirm0E51YjOs6eo6dV6jbQfNE/argHRSvd0QUGgtpIoYx+WWpw==

"@rolldown/binding-linux-ppc64-gnu@1.2.12":
  version "1.2.12"
  resolved "https://registry.yarnpkg.com/@rolldown/binding-linux-ppc64-gnu/-/binding-linux-ppc64-gnu-1.2.12.tgz#0ca361ac97774403dd5fe5976a363eb9c2139dc5"
  integrity sha512-Rkcrmp7eFRg74yL5fXEU91JEWbdEPLevWwGtXpmhbjlD1StScbWTmO94Bhly+Mo+ketKYkdmM1vNUKeWSlx8cQ==

"@rolldown/binding-linux-s390x-gnu@1.2.12":
  version "1.2.12"
  resolved "https://registry.yarnpkg.com/@rolldown/binding-linux-s390x-gnu/-/binding-linux-s390x-gnu-1.2.12.tgz#e40fb19c56e99197aec91ecb02756ebd378a347c"
  integrity sha512-qvK4DuAsQc2BSjlx+Xr+IzOIvvxbGZqxFwdWfG6F518Erj0GGISyQbJ6pIappnOxlNPzNHvo/L0BwB30GZ+zVw==

"@rolldown/binding-linux-x64-gnu@1.2.12":
  version "1.2.12"
  resolved "https://registry.yarnpkg.com/@rolldown/binding-linux-x64-gnu/-/binding-linux-x64-gnu-1.2.12.tgz#215aeb601d0daaf5d28582c1f2e967c775a6c70a"
  integrity sha512-Q9uLBO53Xd4QIq1WOycVQyPP1O4HhraEV2qqb3uTrnVw6QZih9duY4vNXOivL1xoUS1/z+W8eF4NMfl2a8Sdjw==

"@rolldown/binding-linux-x64-musl@1.2.12":
  version "1.2.12"
  resolved "https://registry.yarnpkg.com/@rolldown/binding-linux-x64-musl/-/binding-linux-x64-musl-1.2.12.tgz#90905cdd1ab12242d72de38b7ec9aa826a9ee17c"
  integrity sha512-3IBxWFMjbOZskDPKv8Lf9BCnahlKuHthWkYnyIxOH/QcJrFcS4EmcenthApkwr/5+nEqZlLzeYbxeMaX7A5u4g==

"@rolldown/binding-openharmony-arm64@1.2.12":
  version "1.2.12"
  resolved "https://registry.yarnpkg.com/@rolldown/binding-openharmony-arm64/-/binding-openharmony-arm64-1.2.12.tgz#e6868debd9202c476786f0995ca8250f3f647972"
  integrity sha512-xtX61xg4LKPkPWilZU1ynKClz5Gj4bf74LML4r3eVLWumKnGjoEr1OSHQhMdbBDoYTi+yjrujvpZe2pUnqCrrA==

"@rolldown/binding-win32-arm64-msvc@1.2.12":
  version "1.2.12"
  resolved "https://registry.yarnpkg.com/@rolldown/binding-win32-arm64-msvc/-/binding-win32-arm64-msvc-1.2.12.tgz#a335ae382cbf3b282c3a6fe620fe4f4a0e25dfda"
  integrity sha512-At7fPB6PCaIjzgIhEZFxuT+BBFqiQibJDT4d3PhiR3f4E7bbMZF4aKblbFfEM3sETRDd1YiQx/+U/g/B/ou5Ew==

"@rolldown/binding-win32-x64-msvc@1.2.12":
  version "1.2.12"
  resolved "https://registry.yarnpkg.com/@rolldown/binding-win32-x64-msvc/-/binding-win32-x64-msvc-1.2.12.tgz#55d6f9c288aa220f758310c39c31aa1c4d309830"
  integrity sha512-WIw2haVKwjuYdXkHaoC0mF8Le71TuCBxjrdKqLbJGctbBABj+ClfmNvtbOnzpq3RokNo5+V1qhtSzJyXorsklQ==

"@rolldown/pluginutils@^1.0.0", "@rolldown/pluginutils@^1.0.1":
  version "1.0.1"
  resolved "https://registry.yarnpkg.com/@rolldown/pluginutils/-/pluginutils-1.0.1.tgz#e3fcee093fbb5ce765e1ad088ff4de2889f6f9be"
  integrity sha512-2j9bGt5Jh8hj+vPtgzPtl72j0yRxHAyumoo6TNfAjsLB04UtpSvPbPcDcBMxz7n+9CYB0c1GxQFxYRg2jimqGw==

"@tauri-apps/api@^2.12.0", "@tauri-apps/api@^2.12.1":
  version "2.12.1"
  resolved "https://registry.yarnpkg.com/@tauri-apps/api/-/api-2.12.1.tgz#51dbfb830f6559dd13e808c0752ae022928d2853"
  integrity sha512-DeyFHa3wynpyoqTDikDEDGTJIq4LQ5USfolQGRmGIWT6JMADyxZBTDa5cAdT3tDg73rUXufPaCwN7aXBos4OnQ==

"@tauri-apps/cli-darwin-arm64@2.12.1":
  version "2.12.1"
  resolved "https://registry.yarnpkg.com/@tauri-apps/cli-darwin-arm64/-/cli-darwin-arm64-2.12.1.tgz#91d114bda03f301f53fa1973bfc80ba6aff443c8"
  integrity sha512-8bMnbpJ2jKO/ufrOPL65EMHC3ptw7fzeraoQkwibyfGLqIl+UCWsC0152kmNbW6r9NvVQduXqAZF5mH1QgTWhw==

"@tauri-apps/cli-darwin-x64@2.12.1":
  version "2.12.1"
  resolved "https://registry.yarnpkg.com/@tauri-apps/cli-darwin-x64/-/cli-darwin-x64-2.12.1.tgz#7fbd2d62eeefff42b4c2408f33de94dc7cc9d6df"
  integrity sha512-G+2qte8GNqNlEZ9ftd21rbu/APVkl3r/nzNDI7LVxEoqJWVNe9GbEgQUMH1r4PHT20Z2UxR3KjCkltIb0e/Wjg==

"@tauri-apps/cli-linux-arm-gnueabihf@2.12.1":
  version "2.12.1"
  resolved "https://registry.yarnpkg.com/@tauri-apps/cli-linux-arm-gnueabihf/-/cli-linux-arm-gnueabihf-2.12.1.tgz#7a25df97df8eb3f6c5451cb5387f0153d480be04"
  integrity sha512-5b3n4DaTW+A1Zntnh4Yn44VyLrlPEpB8kMOBRfWkzNnzolBk+AYhKIfKjCLmoC8Mob3ETodxAEOMkE2YPKEWzQ==

"@tauri-apps/cli-linux-arm64-gnu@2.12.1":
  version "2.12.1"
  resolved "https://registry.yarnpkg.com/@tauri-apps/cli-linux-arm64-gnu/-/cli-linux-arm64-gnu-2.12.1.tgz#8f8c7b9772aabc313b43774298fbf7c32927eb4d"
  integrity sha512-APArHhDu+8pXSCkCQmvaz1nD3d8WTmlCoSS/oG475TJ6AATBvyQOAmf5qELgsQ4s2+8MOsop0Zd699RKELF1Cw==

"@tauri-apps/cli-linux-arm64-musl@2.12.1":
  version "2.12.1"
  resolved "https://registry.yarnpkg.com/@tauri-apps/cli-linux-arm64-musl/-/cli-linux-arm64-musl-2.12.1.tgz#78853f1bd5d1116bd29659cf0931579082bb9a39"
  integrity sha512-JaCxcLoV0oGtllVkLr4UAHWG/wTfkEunnUqnsEsGYOp0VRxnUwHg63wFBD0jU2ul5eFfSLIDS4RF2gfzsSo5Jg==

"@tauri-apps/cli-linux-riscv64-gnu@2.12.1":
  version "2.12.1"
  resolved "https://registry.yarnpkg.com/@tauri-apps/cli-linux-riscv64-gnu/-/cli-linux-riscv64-gnu-2.12.1.tgz#2ba911b2447c203280b348bf9e81d63cc11f85c9"
  integrity sha512-K5+VXM7+SGVDwZleA2+lMgvbTVuA5e1tkiVEawu1Yxj26ZyEfO8h8xTC1rBdRX2xgJDSwCk6vPUBCS6i+Z5slQ==

"@tauri-apps/cli-linux-x64-gnu@2.12.1":
  version "2.12.1"
  resolved "https://registry.yarnpkg.com/@tauri-apps/cli-linux-x64-gnu/-/cli-linux-x64-gnu-2.12.1.tgz#e5794e9f49bfb7ffdb83cd881695a28d5c4d5647"
  integrity sha512-Z1QGPr49HJZMktu+Spu6Q1b/f9ANadXvqZZZt2645ua1x1ev6prOgp85eiGv2jRzohFEMLo6aJyaLjLUX5KIvA==

"@tauri-apps/cli-linux-x64-musl@2.12.1":
  version "2.12.1"
  resolved "https://registry.yarnpkg.com/@tauri-apps/cli-linux-x64-musl/-/cli-linux-x64-musl-2.12.1.tgz#24d74534f653b04530431dacbe486d875e5748f4"
  integrity sha512-nHuEhRPOMSJ/8RRhtMRxB9B9lVr7xxpe4DapBz8x1GIau3vdzjHHJ1hAfmw+PyayPLZ6XoaVIHPgI17rX6ii8w==

"@tauri-apps/cli-win32-arm64-msvc@2.12.1":
  version "2.12.1"
  resolved "https://registry.yarnpkg.com/@tauri-apps/cli-win32-arm64-msvc/-/cli-win32-arm64-msvc-2.12.1.tgz#1bfec73df1ac2eb63761e1146f713558fd051cca"
  integrity sha512-I0oPk2uGh86R8dAs2X5OxSP+/GqSc8jh1Px3l8EqrocSNivsRHDTh2k3PVOqdv163dlV6PIVvmhZAbH/lPfZrA==

"@tauri-apps/cli-win32-ia32-msvc@2.12.1":
  version "2.12.1"
  resolved "https://registry.yarnpkg.com/@tauri-apps/cli-win32-ia32-msvc/-/cli-win32-ia32-msvc-2.12.1.tgz#3ad41f625a4f211dfd00b5cfd7226a4f3feb6e7d"
  integrity sha512-baNZRBfepAJ5qNFRMwzgBk94xQmkcmTZrNDjZjnzrq2vAaTC3NAhallb/zo3hyoCGQlMS13sdovktrg46NZz6Q==

"@tauri-apps/cli-win32-x64-msvc@2.12.1":
  version "2.12.1"
  resolved "https://registry.yarnpkg.com/@tauri-apps/cli-win32-x64-msvc/-/cli-win32-x64-msvc-2.12.1.tgz#3f4942a088be2fa21a18815130ff1d4b37428053"
  integrity sha512-dIFaKslrzcbesb+bBh+E1R9km241pHyj32w6D9FPtvQeYpRUFbiCLEa/2S+S0UnIytfxepp4P+X8IerGqnXeYg==

"@tauri-apps/cli@^2.12.1":
  version "2.12.1"
  resolved "https://registry.yarnpkg.com/@tauri-apps/cli/-/cli-2.12.1.tgz#a24aeabc30673c90e915e8b4bac7dbc458212d12"
  integrity sha512-kEDEiGzG+yAc5FeLxtXpES/VN+F2C8H0r4gDVtfRLKxT9np9101d9REG/Kgo2lr0hKi0IpDsODiHnU3+naOmLg==
  optionalDependencies:
    "@tauri-apps/cli-darwin-arm64" "2.12.1"
    "@tauri-apps/cli-darwin-x64" "2.12.1"
    "@tauri-apps/cli-linux-arm-gnueabihf" "2.12.1"
    "@tauri-apps/cli-linux-arm64-gnu" "2.12.1"
    "@tauri-apps/cli-linux-arm64-musl" "2.12.1"
    "@tauri-apps/cli-linux-riscv64-gnu" "2.12.1"
    "@tauri-apps/cli-linux-x64-gnu" "2.12.1"
    "@tauri-apps/cli-linux-x64-musl" "2.12.1"
    "@tauri-apps/cli-win32-arm64-msvc" "2.12.1"
    "@tauri-apps/cli-win32-ia32-msvc" "2.12.1"
    "@tauri-apps/cli-win32-x64-msvc" "2.12.1"

"@tauri-apps/plugin-dialog@^2.8.1":
  version "2.8.1"
  resolved "https://registry.yarnpkg.com/@tauri-apps/plugin-dialog/-/plugin-dialog-2.8.1.tgz#f29f3c28862a1ed767b6fd241f34abf26129f88f"
  integrity sha512-/DtE3B62JgpYuWFL5ATXM6KOXUq7pca7cJWOgSqULhZsgyjLk0PWKek1dbRDvhNBW6flNsOfWphsKnb+738Dmw==
  dependencies:
    "@tauri-apps/api" "^2.12.0"

"@tauri-apps/plugin-opener@~2.7.0":
  version "2.7.0"
  resolved "https://registry.yarnpkg.com/@tauri-apps/plugin-opener/-/plugin-opener-2.7.0.tgz#14d631a70282cbc07b46f4442ba6085d2200f301"
  integrity sha512-mBorYfVKh9Lt7s4ZFtKbMUTxBw+Y/sVmSlKCtkkoBgMTC/DIbt/kaPm67L/2djAUqDI1wbixy5OHHVmipjuGMw==
  dependencies:
    "@tauri-apps/api" "^2.12.0"

"@tauri-apps/plugin-shell@^2.4.0":
  version "2.4.0"
  resolved "https://registry.yarnpkg.com/@tauri-apps/plugin-shell/-/plugin-shell-2.4.0.tgz#ac8a9c5890cb2afe44bc4218b8f76d0be16e6f56"
  integrity sha512-kto+mIv8reX1iryIDdjfsdv3l3BtMN0tvQ6dhs3uMO1MgjvdHsD9zql4cBE6W44qnRw/GMtsiThWsgcQASd+ig==
  dependencies:
    "@tauri-apps/api" "^2.12.0"

"@types/lodash-es@^4.17.12":
  version "4.17.12"
  resolved "https://registry.yarnpkg.com/@types/lodash-es/-/lodash-es-4.17.12.tgz#65f6d1e5f80539aa7cfbfc962de5def0cf4f341b"
  integrity sha512-0NgftHUcV4v34VhXm8QBSftKVXtbkBG3ViCjs6+eJ5a6y6Mi/jiFGPc1sC7QK+9BFhWrURE3EOggmWaSxL9OzQ==
  dependencies:
    "@types/lodash" "*"

"@types/lodash@*", "@types/lodash@^4.17.20":
  version "4.17.25"
  resolved "https://registry.yarnpkg.com/@types/lodash/-/lodash-4.17.25.tgz#69765ac7bcddb0eb072961cf292524a8f5b3c2c0"
  integrity sha512-+K1NIO8I+F9/wNulfVvu23QYd0Pe9/OCqRrim4NoYIf1VoEDL90Ve4ClzpyqBLc7NpGGWRvYNCKZ1BE/Jpf8dQ==

"@vicons/antd@^0.13.0":
  version "0.13.0"
  resolved "https://registry.yarnpkg.com/@vicons/antd/-/antd-0.13.0.tgz#a81d1fb4acb276191d8e13e96817b768d0d2519c"
  integrity sha512-yrUGoUSz2BbGupk9ghQOahc04n5H3MwUDM9pVPsLh9U1uqB47oRWZvYRiZaT1JKPqgTgSE6BXcVw4i9MOF4M+g==

"@vitejs/plugin-vue@^6.0.9":
  version "6.0.9"
  resolved "https://registry.yarnpkg.com/@vitejs/plugin-vue/-/plugin-vue-6.0.9.tgz#d6a6d288dd307d086dbf8d3fcccb8c378c473a45"
  integrity sha512-rD/MORlhaZMlXWW0rEn4FB4wMinWC0z/D7Ye160S5+Rs1mC8ZDAdcDp4SjKfUhG5t8q1ktcPVw4xuTkPRlzrSA==
  dependencies:
    "@rolldown/pluginutils" "^1.0.1"

"@vue-macros/common@^3.1.3":
  version "3.1.4"
  resolved "https://registry.yarnpkg.com/@vue-macros/common/-/common-3.1.4.tgz#cb56f0a84bdbfacbfa640ac34d9f805667adac8c"
  integrity sha512-/5Fv+6DgIcM9ajY05ZmKBv+LMX1M9A0X+IUwDRVdt67ciw8OV9bvG2r34p3RiEadlsQybjhKPRKNXDC8Bp23cw==
  dependencies:
    "@vue/compiler-sfc" "^3.5.22"
    ast-kit "^2.1.2"
    local-pkg "^1.1.2"
    magic-string-ast "^1.0.2"
    unplugin-utils "^0.3.0"

"@vue/compiler-core@3.5.43":
  version "3.5.43"
  resolved "https://registry.yarnpkg.com/@vue/compiler-core/-/compiler-core-3.5.43.tgz#ff792a8bb20d29fe2a9f013d5735d39c7808c9a5"
  integrity sha512-zdiLhnbe1QQqgDT8xZMpNmyqZ3qlI+/Q/FHQco57Kwl/b05HhCzN6eVGN9QU9rbga4CrS0H5SYY8VGHZCt/1Hg==
  dependencies:
    "@babel/parser" "^7.29.8"
    "@vue/shared" "3.5.43"
    entities "^7.0.1"
    estree-walker "^2.0.2"
    source-map-js "^1.2.1"

"@vue/compiler-dom@3.5.43":
  version "3.5.43"
  resolved "https://registry.yarnpkg.com/@vue/compiler-dom/-/compiler-dom-3.5.43.tgz#1bec85b4c3078544b278524e521311a6202d673f"
  integrity sha512-PEZoAk3NQmsn/ejMzSOCyTYqwGqczrWm70PuhBKjjv1+TCoQAaO/zOqNwjV+honlNstT5ILxtc+8r8UUfj+iEQ==
  dependencies:
    "@vue/compiler-core" "3.5.43"
    "@vue/shared" "3.5.43"

"@vue/compiler-sfc@3.5.43", "@vue/compiler-sfc@^3.5.22":
  version "3.5.43"
  resolved "https://registry.yarnpkg.com/@vue/compiler-sfc/-/compiler-sfc-3.5.43.tgz#19c097f398abacfee9627646075a919d2f57a6ae"
  integrity sha512-FCbrG3XNCRl+js3huuKx4IVHBLTvMkJhVepjbxSPu1gn4yWLaYtGNQdjJGZaMytXB6qb76qQDDmDSLy/vkmleQ==
  dependencies:
    "@babel/parser" "^7.29.8"
    "@vue/compiler-core" "3.5.43"
    "@vue/compiler-dom" "3.5.43"
    "@vue/compiler-ssr" "3.5.43"
    "@vue/shared" "3.5.43"
    estree-walker "^2.0.2"
    magic-string "^0.30.21"
    postcss "^8.5.28"
    source-map-js "^1.2.1"

"@vue/compiler-ssr@3.5.43":
  version "3.5.43"
  resolved "https://registry.yarnpkg.com/@vue/compiler-ssr/-/compiler-ssr-3.5.43.tgz#aacd1d047545d51d5cb0eca9aa3f490507bf7040"
  integrity sha512-GF62orf7KiJX9RqrHNGrYBudsQGD0OhJ5nDs90O8UiDuS40+YMYomiXu6w6EuvtXuRDc3MSNis3EaaSKAVSWpg==
  dependencies:
    "@vue/compiler-dom" "3.5.43"
    "@vue/shared" "3.5.43"

"@vue/devtools-api@^6.5.0":
  version "6.6.4"
  resolved "https://registry.yarnpkg.com/@vue/devtools-api/-/devtools-api-6.6.4.tgz#cbe97fe0162b365edc1dba80e173f90492535343"
  integrity sha512-sGhTPMuXqZ1rVOk32RylztWkfXTRhuS7vgAKv0zjqk8gbsHkJ7xfFf+jbySxt7tWObEJwyKaHMikV/WGDiQm8g==

"@vue/devtools-api@^7.7.7":
  version "7.7.10"
  resolved "https://registry.yarnpkg.com/@vue/devtools-api/-/devtools-api-7.7.10.tgz#bfa52dee8918edeea1bfe04cce9f809eeed19862"
  integrity sha512-KxtEpUOOpFz/qOGRrAwA36QF7DqIA+FXgCYit9mk9wjbaZt0sXOFz81ElOZtKA4HbWHUdwNjZHBFsFFyp5BZiA==
  dependencies:
    "@vue/devtools-kit" "^7.7.10"

"@vue/devtools-api@^8.1.5":
  version "8.2.1"
  resolved "https://registry.yarnpkg.com/@vue/devtools-api/-/devtools-api-8.2.1.tgz#9d95de2b908aa80b9957d737ddca51790e70c3b5"
  integrity sha512-6u4vXBlIBAC1wMplIZgpyPn7uh/s4Bf6F5bMzvLv+EdJ0aHs/+4B7Ygv864EStQSjRbsRzTko/kUG1A1IejQ3A==
  dependencies:
    "@vue/devtools-kit" "^8.2.1"

"@vue/devtools-kit@^7.7.10":
  version "7.7.10"
  resolved "https://registry.yarnpkg.com/@vue/devtools-kit/-/devtools-kit-7.7.10.tgz#2f2b6b6eaad9ba96c031fb20c4d59c80d35dfad3"
  integrity sha512-3WNi2Kq4tbpVbmhml7RiphmAt0279oh3fKNeWMQIrltfX8Q91b4i5PL8DtyNKdwmcsGrV4fg+erwWOmD05CLIw==
  dependencies:
    "@vue/devtools-shared" "^7.7.10"
    birpc "^2.3.0"
    hookable "^5.5.3"
    mitt "^3.0.1"
    perfect-debounce "^1.0.0"
    speakingurl "^14.0.1"
    superjson "^2.2.2"

"@vue/devtools-kit@^8.2.1":
  version "8.2.1"
  resolved "https://registry.yarnpkg.com/@vue/devtools-kit/-/devtools-kit-8.2.1.tgz#ad45babb12c51931d32d1b67ffaebc251f550ce9"
  integrity sha512-FIGIuq3AWReEpbAHY/cRGeHDfI0qOb8OCQ3YjbEAX04uaxIDbGc9rhkbVcG7rnfHPXE3RsU5KrWOu9V/okd8AQ==
  dependencies:
    "@vue/devtools-shared" "^8.2.1"
    birpc "^2.6.1"
    hookable "^5.5.3"
    perfect-debounce "^2.0.0"

"@vue/devtools-shared@^7.7.10":
  version "7.7.10"
  resolved "https://registry.yarnpkg.com/@vue/devtools-shared/-/devtools-shared-7.7.10.tgz#ba45001aeb5f7b99a72db2fb824fc04a280aca53"
  integrity sha512-wOPslzB8vTvpxwdaOcR2qAbwmuSP0L+rhpoC6Cf56V3Jip+HWb7PQQXOUPgBNQARpXsbQX/+mvi8kKucmBGRwQ==
  dependencies:
    rfdc "^1.4.1"

"@vue/devtools-shared@^8.2.1":
  version "8.2.1"
  resolved "https://registry.yarnpkg.com/@vue/devtools-shared/-/devtools-shared-8.2.1.tgz#26524e9e12fd205bcd5477cf3b5e9a17b876aeac"
  integrity sha512-Fkac7lUdGReh6pVOi3AYPRGe82LQqRmAfThW7RRligOAP0ZA/Z1z9XLHDM9dv34pV2HRc79DK8uKPeG2fLnA/g==

"@vue/reactivity@3.5.43":
  version "3.5.43"
  resolved "https://registry.yarnpkg.com/@vue/reactivity/-/reactivity-3.5.43.tgz#26441233103e834616959a032d8fabd4524fd089"
  integrity sha512-G/c9GyOZNI2jVaaS6OX1EF1SSFSv7H0ERqNTl4+DTFMlZmB5eVAB53aLQNam/7NL2NPtaDD7RdVrzf8uJzMuOA==
  dependencies:
    "@vue/shared" "3.5.43"

"@vue/runtime-core@3.5.43":
  version "3.5.43"
  resolved "https://registry.yarnpkg.com/@vue/runtime-core/-/runtime-core-3.5.43.tgz#eca01c87c32047d32f3639c1a9206d368abe0c46"
  integrity sha512-hU6U6VnVhBGQDpvlnnDlIB8ZGJBiOcgk2lh/0InltHiz3D8oSkluvuvY+do1G2H3+udeKFsmaBlgVYP7gXQzEw==
  dependencies:
    "@vue/reactivity" "3.5.43"
    "@vue/shared" "3.5.43"

"@vue/runtime-dom@3.5.43":
  version "3.5.43"
  resolved "https://registry.yarnpkg.com/@vue/runtime-dom/-/runtime-dom-3.5.43.tgz#c40a898bd1ce11697741b9a079414a803413028a"
  integrity sha512-Bb2Jc0YjjJdMt1SJmb9b2L/IWd3I8lIT9x9eS/xvvP9CiVgna0ffua74xKRmt4/uSJ+0r4iN8ex1jrqkhQGWQw==
  dependencies:
    "@vue/reactivity" "3.5.43"
    "@vue/runtime-core" "3.5.43"
    "@vue/shared" "3.5.43"
    csstype "^3.2.3"

"@vue/server-renderer@3.5.43":
  version "3.5.43"
  resolved "https://registry.yarnpkg.com/@vue/server-renderer/-/server-renderer-3.5.43.tgz#ae2b84b832821e39c3355705e1c269f5a7d29b3c"
  integrity sha512-l2Ygjv9NehV94PSBxNWsAHC0j/eIIKbn92mBuWXAPGLnn6HfJ6MH5ubsd+Nk0YoZ5FRuxWI1P2VSoh+dbPQhCQ==
  dependencies:
    "@vue/compiler-ssr" "3.5.43"
    "@vue/runtime-dom" "3.5.43"
    "@vue/shared" "3.5.43"

"@vue/shared@3.5.43":
  version "3.5.43"
  resolved "https://registry.yarnpkg.com/@vue/shared/-/shared-3.5.43.tgz#22c11ecf1304bfc6f6b745f3b4ba54c410074338"
  integrity sha512-uksS7YGMR5NZyr4JNq0Rp+QyLns0ueaz20KwzIPW9R0LH1Vnt4E+XUM29PNseEbf1www2gOuhuDi5AKOIXag9Q==

acorn@^8.16.0:
  version "8.19.0"
  resolved "https://registry.yarnpkg.com/acorn/-/acorn-8.19.0.tgz#6b26fd97ce1cc9dc50bdf7ad305e9f1384d4f28a"
  integrity sha512-oJlA3XiRm7Cyk6qFD2Jn8ak9B7jSy0qy00ADO3+8dpT0LSjFihQYv4C02LFCSYJV3Q37xYwwRy5m+IpIiUzqWw==

ast-kit@^2.1.2, ast-kit@^2.2.0:
  version "2.2.0"
  resolved "https://registry.yarnpkg.com/ast-kit/-/ast-kit-2.2.0.tgz#6d9a298acefef5bdfc5a0fa51d94d1334ef2e671"
  integrity sha512-m1Q/RaVOnTp9JxPX+F+Zn7IcLYMzM8kZofDImfsKZd8MbR+ikdOzTeztStWqfrqIxZnYWryyI9ePm3NGjnZgGw==
  dependencies:
    "@babel/parser" "^7.28.5"
    pathe "^2.0.3"

ast-walker-scope@^0.9.0:
  version "0.9.0"
  resolved "https://registry.yarnpkg.com/ast-walker-scope/-/ast-walker-scope-0.9.0.tgz#3bdcba80c488dd4c7fc1de055d645a0f95dff8fe"
  integrity sha512-IJdzo2vLiElBxKzwS36VsCue/62d6IdWjnPB2v3nuPKeWGynp6FF/CYoLa5i/3jXH/z97ZDdsXz6abpgM6w07A==
  dependencies:
    "@babel/parser" "^7.29.2"
    "@babel/types" "^7.29.0"
    ast-kit "^2.2.0"

async-validator@^4.2.5:
  version "4.2.5"
  resolved "https://registry.yarnpkg.com/async-validator/-/async-validator-4.2.5.tgz#c96ea3332a521699d0afaaceed510a54656c6339"
  integrity sha512-7HhHjtERjqlNbZtqNqy2rckN/SpOOlmDliet+lP7k+eKZEjPk3DgyeU9lIXLdeLz0uBbbVp+9Qdow9wJWgwwfg==

birpc@^2.3.0, birpc@^2.6.1:
  version "2.9.0"
  resolved "https://registry.yarnpkg.com/birpc/-/birpc-2.9.0.tgz#b59550897e4cd96a223e2a6c1475b572236ed145"
  integrity sha512-KrayHS5pBi69Xi9JmvoqrIgYGDkD6mcSe/i6YKi3w5kekCLzrX4+nawcXqrj2tIp50Kw/mT/s3p+GVK0A0sKxw==

chokidar@^5.0.0:
  version "5.0.0"
  resolved "https://registry.yarnpkg.com/chokidar/-/chokidar-5.0.0.tgz#949c126a9238a80792be9a0265934f098af369a5"
  integrity sha512-TQMmc3w+5AxjpL8iIiwebF73dRDF4fBIieAqGn9RGCWaEVwQ6Fb2cGe31Yns0RRIzii5goJ1Y7xbMwo1TxMplw==
  dependencies:
    readdirp "^5.0.0"

confbox@^0.1.8:
  version "0.1.8"
  resolved "https://registry.yarnpkg.com/confbox/-/confbox-0.1.8.tgz#820d73d3b3c82d9bd910652c5d4d599ef8ff8b06"
  integrity sha512-RMtmw0iFkeR4YV+fUOSucriAQNb9g8zFR52MWCtl+cCZOFRNL6zeB395vPzFhEjjn4fMxXudmELnl/KF/WrK6w==

confbox@^0.2.4:
  version "0.2.4"
  resolved "https://registry.yarnpkg.com/confbox/-/confbox-0.2.4.tgz#592e7be71f882a4a874e3c88f0ac1ef6f7da1ce5"
  integrity sha512-ysOGlgTFbN2/Y6Cg3Iye8YKulHw+R2fNXHrgSmXISQdMnomY6eNDprVdW9R5xBguEqI954+S6709UyiO7B+6OQ==

confbox@^0.3.1:
  version "0.3.1"
  resolved "https://registry.yarnpkg.com/confbox/-/confbox-0.3.1.tgz#79aa91893791a202fb349fb367e7320423f7c76e"
  integrity sha512-cKUSoKa8YxFZZSmraVi7onONx3amu77ngK3kGpsYHDH7drPwCRkQE1RYMPlLRrMtnciRj274XNRxcHxnKmDSnA==

copy-anything@^4:
  version "4.1.5"
  resolved "https://registry.yarnpkg.com/copy-anything/-/copy-anything-4.1.5.tgz#11866cab9f08ef1f98daac8c468e10d2830294e3"
  integrity sha512-vePst2VLTSqPglW7Q98VwFpGiGpOHTyXIo81MO5VyLecA5zMbZw/P/V1vmwD1jksa2iJpn/YkDrJ3XhTfzUyhQ==

css-render@^0.15.10, css-render@^0.15.14:
  version "0.15.14"
  resolved "https://registry.yarnpkg.com/css-render/-/css-render-0.15.14.tgz#c23d8c8b9c0b44cd20b426f5e9de7ef7bade69b8"
  integrity sha512-9nF4PdUle+5ta4W5SyZdLCCmFd37uVimSjg1evcTqKJCyvCEEj12WKzOSBNak6r4im4J4iYXKH1OWpUV5LBYFg==
  dependencies:
    "@emotion/hash" "~0.8.0"
    csstype "~3.0.5"

csstype@^3.1.3, csstype@^3.2.3:
  version "3.2.3"
  resolved "https://registry.yarnpkg.com/csstype/-/csstype-3.2.3.tgz#ec48c0f3e993e50648c86da559e2610995cf989a"
  integrity sha512-z1HGKcYy2xA8AGQfwrn0PAy+PB7X/GSj3UVJW9qKyn43xWa+gl5nXmU4qqLMRzWVLFC8KusUX8T/0kCiOYpAIQ==

csstype@~3.0.5:
  version "3.0.11"
  resolved "https://registry.yarnpkg.com/csstype/-/csstype-3.0.11.tgz#d66700c5eacfac1940deb4e3ee5642792d85cd33"
  integrity sha512-sa6P2wJ+CAbgyy4KFssIb/JNMLxFvKF1pCYCSXS8ZMuqZnMsrxqI2E5sPyoTpxoPU/gVZMzr2zjOfg8GIZOMsw==

date-fns-tz@^3.2.0:
  version "3.2.0"
  resolved "https://registry.yarnpkg.com/date-fns-tz/-/date-fns-tz-3.2.0.tgz#647dc56d38ac33a3e37b65e9d5c4cda5af5e58e6"
  integrity sha512-sg8HqoTEulcbbbVXeg84u5UnlsQa8GS5QXMqjjYIhS4abEVVKIUwe0/l/UhrZdKaL/W5eWZNlbTeEIiOXTcsBQ==

date-fns@^4.1.0:
  version "4.4.0"
  resolved "https://registry.yarnpkg.com/date-fns/-/date-fns-4.4.0.tgz#806539edf45c616b2b76b5f78b88c56ed3c7e036"
  integrity sha512-+1UMbeh68lH1SegH83CGWwpb6OHHbpSgr3+s5Eww5M4CAgswBpoWS0AjTOfEJ33HiYKz1hdj/KTFprzXHmq/6w==

detect-libc@^2.0.3:
  version "2.1.2"
  resolved "https://registry.yarnpkg.com/detect-libc/-/detect-libc-2.1.2.tgz#689c5dcdc1900ef5583a4cb9f6d7b473742074ad"
  integrity sha512-Btj2BOOO83o3WyH59e8MgXsxEQVcarkUOpEYrubB0urwnN10yQ364rsiByU11nZlqWYZm05i/of7io4mzihBtQ==

entities@^7.0.1:
  version "7.0.1"
  resolved "https://registry.yarnpkg.com/entities/-/entities-7.0.1.tgz#26e8a88889db63417dcb9a1e79a3f1bc92b5976b"
  integrity sha512-TWrgLOFUQTH994YUyl1yT4uyavY5nNB5muff+RtWaqNVCAK408b5ZnnbNAUEWLTCpum9w6arT70i1XdQ4UeOPA==

estree-walker@^2.0.2:
  version "2.0.2"
  resolved "https://registry.yarnpkg.com/estree-walker/-/estree-walker-2.0.2.tgz#52f010178c2a4c117a7757cfe942adb7d2da4cac"
  integrity sha512-Rfkk/Mp/DL7JVje3u18FxFujQlTNR2q6QfMSMB7AvCBx91NGj/ba3kCfza0f6dVDbw7YlRf/nDrn7pQrCCyQ/w==

evtd@^0.2.2, evtd@^0.2.4:
  version "0.2.4"
  resolved "https://registry.yarnpkg.com/evtd/-/evtd-0.2.4.tgz#0aac39ba44d6926e6668948ac27618e0795b9d07"
  integrity sha512-qaeGN5bx63s/AXgQo8gj6fBkxge+OoLddLniox5qtLAEY5HSnuSlISXVPxnSae1dWblvTh4/HoMIB+mbMsvZzw==

exsolve@^1.1.1:
  version "1.1.3"
  resolved "https://registry.yarnpkg.com/exsolve/-/exsolve-1.1.3.tgz#175a6336d6cb1c9cfee822a092665ee0b79e716d"
  integrity sha512-kuzL9zherLQoqDeQaS55AiiIg1kb4KYXaSusTtgZTPlvKP2gGCI82LNmBNh5RjDVUXIcmgx+/Mx7vPwRzBbhJA==

fdir@^6.5.0:
  version "6.5.0"
  resolved "https://registry.yarnpkg.com/fdir/-/fdir-6.5.0.tgz#ed2ab967a331ade62f18d077dae192684d50d350"
  integrity sha512-tIbYtZbucOs0BRGqPJkshJUYdL+SDH7dVM8gjy+ERp3WAUjLEFJE+02kanyHtwjWOnwrKYBiwAmM0p4kLJAnXg==

fsevents@~2.3.3:
  version "2.3.3"
  resolved "https://registry.yarnpkg.com/fsevents/-/fsevents-2.3.3.tgz#cac6407785d03675a2a5e1a5305c697b347d90d6"
  integrity sha512-5xoDfX+fL7faATnagmWPpbFtwh/R77WmMMqqHGS65C3vvB0YHrgF+B1YmZ3441tMj5n63k0212XNoJwzlhffQw==

highlight.js@^11.8.0:
  version "11.12.0"
  resolved "https://registry.yarnpkg.com/highlight.js/-/highlight.js-11.12.0.tgz#470d918fd556a76debc40fe5e4b540b6b9cb9890"
  integrity sha512-nbfWpyRMcMrPMmDwJB+dhX/eiaPKtc2RB+0QZskqJ3WjRA/FDS0e9hZrx8EC/lbEv8gXy98FcDbNa/dspAaJMg==

hookable@^5.5.3:
  version "5.5.3"
  resolved "https://registry.yarnpkg.com/hookable/-/hookable-5.5.3.tgz#6cfc358984a1ef991e2518cb9ed4a778bbd3215d"
  integrity sha512-Yc+BQe8SvoXH1643Qez1zqLRmbA5rCL+sSmk6TVos0LWVfNIB7PGncdlId77WzLGSIB5KaWgTaNTs2lNVEI6VQ==

lightningcss-android-arm64@1.33.0:
  version "1.33.0"
  resolved "https://registry.yarnpkg.com/lightningcss-android-arm64/-/lightningcss-android-arm64-1.33.0.tgz#9a6841f88ae50fc83502903892b41af41bc2b907"
  integrity sha512-gEpRTalKdosp4Bb8qWtc2iOgE5SeIHlpS1up9bFq2wAyYhl1UdTObYiHe98zEM9SQvSoqQZ1IQD0JNpg3Ml5pg==

lightningcss-darwin-arm64@1.33.0:
  version "1.33.0"
  resolved "https://registry.yarnpkg.com/lightningcss-darwin-arm64/-/lightningcss-darwin-arm64-1.33.0.tgz#c0f2c31c0bfd19fa4dd3f18e957a1f1a152097d6"
  integrity sha512-Sciaz8eenNTKn9b3t7+xr0ipTp9YxKQY4npwQ3mrRuL0BAVHBLyZxofhaKBAVtzmtRZ/zTyo0/to4B1uWG/Djg==

lightningcss-darwin-x64@1.33.0:
  version "1.33.0"
  resolved "https://registry.yarnpkg.com/lightningcss-darwin-x64/-/lightningcss-darwin-x64-1.33.0.tgz#cb0705965acb538c6683949ce6925fb3cdf7c361"
  integrity sha512-Z5UPAxzrjlWNNyGy6i65cJzzvgJ5D3T6wMvs+gWpY9d7qRhANrxqAp6LhxIgZhWEw18RfJTGcRxjuLIBr+m8XQ==

lightningcss-freebsd-x64@1.33.0:
  version "1.33.0"
  resolved "https://registry.yarnpkg.com/lightningcss-freebsd-x64/-/lightningcss-freebsd-x64-1.33.0.tgz#763538828b26bab2680dadafcc84ee78b0eb502b"
  integrity sha512-QQM/Ti/hQajJwCY+RiWuCZ9sdtI/XQk7nDK5vC8kkdwixezOlDgvDx7+RT+QjK6FcFT4MpsuoBnHIo/O3StRRg==

lightningcss-linux-arm-gnueabihf@1.33.0:
  version "1.33.0"
  resolved "https://registry.yarnpkg.com/lightningcss-linux-arm-gnueabihf/-/lightningcss-linux-arm-gnueabihf-1.33.0.tgz#6862e3176a331aedbdec1ed352b4d7d0dd0784de"
  integrity sha512-N7FVBe6iS24MlM6R/4RBTxGhQheZGs7tiQ9U32UtF75NzP5Q7xWPRqLBCKxlRQRk3rY1jCIPLzx7WzOhuUIRLQ==

lightningcss-linux-arm64-gnu@1.33.0:
  version "1.33.0"
  resolved "https://registry.yarnpkg.com/lightningcss-linux-arm64-gnu/-/lightningcss-linux-arm64-gnu-1.33.0.tgz#c6a3a2ed15141daf6bdc2628930f8e39bdf473aa"
  integrity sha512-j2v/itmy4HlNxlc6voKXYgBqNi0Ng2LShg4z7GufpEgs05P+2suBVyi9I6YHq5uoVFx9ETin3eCEhLVyXGQnKg==

lightningcss-linux-arm64-musl@1.33.0:
  version "1.33.0"
  resolved "https://registry.yarnpkg.com/lightningcss-linux-arm64-musl/-/lightningcss-linux-arm64-musl-1.33.0.tgz#7fa1334971fc82845f9827df6ef8a0b20914bac6"
  integrity sha512-yiO5ROMuYQgXbC60yjZU5CYSFZGKXL0HFATXt9mHJn1+zW55oCtMI9NfcVhYLMFDL7gV7oBPon/EmMMGg2OvtQ==

lightningcss-linux-x64-gnu@1.33.0:
  version "1.33.0"
  resolved "https://registry.yarnpkg.com/lightningcss-linux-x64-gnu/-/lightningcss-linux-x64-gnu-1.33.0.tgz#8b927862ea8c2bbc6831a46509244b50d9936e55"
  integrity sha512-ar+Ju7LmcN0Jo4FpL4hpFybwNG9/3A/Br5KW2n2jyODg3MEZXaDYADdemoNS+BDNfMgKvylJLj4S5tyRActuAg==

lightningcss-linux-x64-musl@1.33.0:
  version "1.33.0"
  resolved "https://registry.yarnpkg.com/lightningcss-linux-x64-musl/-/lightningcss-linux-x64-musl-1.33.0.tgz#0c525bb077dfd94404c059cfe42dad797e96aeaf"
  integrity sha512-RYiYbkokw0trfKqqzfF55lginwEPrD3OJDfTuJzFs1MK6iFnDenaz1fqLLtX4ITG3OktJQXOeTaw1awrBAlZPw==

lightningcss-win32-arm64-msvc@1.33.0:
  version "1.33.0"
  resolved "https://registry.yarnpkg.com/lightningcss-win32-arm64-msvc/-/lightningcss-win32-arm64-msvc-1.33.0.tgz#850ee1103dac989cfab50e3ac22d1a69e394e63d"
  integrity sha512-1K+MPfLSFVpphzpdbfkhlWk6wBrTObBzS2T6db10PNOZgR9GoVsAWzwNyuhUYYbTp23j+4RrncfujZ4uAzXvwA==

lightningcss-win32-x64-msvc@1.33.0:
  version "1.33.0"
  resolved "https://registry.yarnpkg.com/lightningcss-win32-x64-msvc/-/lightningcss-win32-x64-msvc-1.33.0.tgz#e343ae152eed3609dc6e11949d1a3bf39a1c946f"
  integrity sha512-OlEICDx/Xl0FqSp4bry8zFnCvGpig3Gl4gCquvYwHuqJKEC1+n9NgDniFvqHGmMv1ZkqDJrDqKKSykTDX+ehuA==

lightningcss@^1.33.0:
  version "1.33.0"
  resolved "https://registry.yarnpkg.com/lightningcss/-/lightningcss-1.33.0.tgz#c08867d71a79385c6e190214fd72fef3e5f95f0b"
  integrity sha512-WkUDrojuJs0xkgGf2udWxa3yGBRxPtxUkB79i6aCZLRgc7PM8fZe9TosfPDcvEpQZbuFASnHYmRLBLUbmLOIIA==
  dependencies:
    detect-libc "^2.0.3"
  optionalDependencies:
    lightningcss-android-arm64 "1.33.0"
    lightningcss-darwin-arm64 "1.33.0"
    lightningcss-darwin-x64 "1.33.0"
    lightningcss-freebsd-x64 "1.33.0"
    lightningcss-linux-arm-gnueabihf "1.33.0"
    lightningcss-linux-arm64-gnu "1.33.0"
    lightningcss-linux-arm64-musl "1.33.0"
    lightningcss-linux-x64-gnu "1.33.0"
    lightningcss-linux-x64-musl "1.33.0"
    lightningcss-win32-arm64-msvc "1.33.0"
    lightningcss-win32-x64-msvc "1.33.0"

local-pkg@^1.1.2, local-pkg@^1.2.1:
  version "1.2.1"
  resolved "https://registry.yarnpkg.com/local-pkg/-/local-pkg-1.2.1.tgz#9628389399851d78f3b50c9236eddb02f0c31b2b"
  integrity sha512-++gUqRDEvcnN6Zhqrr+y/CkVEHhlrR96vZn3nZZPYzMcBUyBtTKzB9NadClFIsIVSsu+3i9tfk/erqy9kAmt7Q==
  dependencies:
    mlly "^1.7.4"
    pkg-types "^2.3.0"
    quansync "^0.2.11"

lodash-es@^4.17.21:
  version "4.18.1"
  resolved "https://registry.yarnpkg.com/lodash-es/-/lodash-es-4.18.1.tgz#b962eeb80d9d983a900bf342961fb7418ca10b1d"
  integrity sha512-J8xewKD/Gk22OZbhpOVSwcs60zhd95ESDwezOFuA3/099925PdHJ7OFHNTGtajL3AlZkykD32HykiMo+BIBI8A==

lodash@^4.17.21:
  version "4.18.1"
  resolved "https://registry.yarnpkg.com/lodash/-/lodash-4.18.1.tgz#ff2b66c1f6326d59513de2407bf881439812771c"
  integrity sha512-dMInicTPVE8d1e5otfwmmjlxkZoUpiVLwyeTdUsi/Caj/gfzzblBcCE5sRHV/AsjuCmxWrte2TNGSYuCeCq+0Q==

magic-string-ast@^1.0.2:
  version "1.0.3"
  resolved "https://registry.yarnpkg.com/magic-string-ast/-/magic-string-ast-1.0.3.tgz#51ef7832fd5c70a0188fb94627caa3b8c74ff9bf"
  integrity sha512-CvkkH1i81zl7mmb94DsRiFeG9V2fR2JeuK8yDgS8oiZSFa++wWLEgZ5ufEOyLHbvSbD1gTRKv9NdX69Rnvr9JA==
  dependencies:
    magic-string "^0.30.19"

magic-string@^0.30.19, magic-string@^0.30.21:
  version "0.30.21"
  resolved "https://registry.yarnpkg.com/magic-string/-/magic-string-0.30.21.tgz#56763ec09a0fa8091df27879fd94d19078c00d91"
  integrity sha512-vd2F4YUyEXKGcLHoq+TEyCjxueSeHnFxyyjNp80yg0XV4vUhnDer/lvvlqM/arB5bXQN5K2/3oinyCRyx8T2CQ==
  dependencies:
    "@jridgewell/sourcemap-codec" "^1.5.5"

mitt@^3.0.1:
  version "3.0.1"
  resolved "https://registry.yarnpkg.com/mitt/-/mitt-3.0.1.tgz#ea36cf0cc30403601ae074c8f77b7092cdab36d1"
  integrity sha512-vKivATfr97l2/QBCYAkXYDbrIWPM2IIKEl7YPhjCvKlG3kE2gm+uBo6nEXK3M5/Ffh/FLpKExzOQ3JJoJGFKBw==

mlly@^1.7.4, mlly@^1.8.2:
  version "1.8.2"
  resolved "https://registry.yarnpkg.com/mlly/-/mlly-1.8.2.tgz#e7f7919a82d13b174405613117249a3f449d78bb"
  integrity sha512-d+ObxMQFmbt10sretNDytwt85VrbkhhUA/JBGm1MPaWJ65Cl4wOgLaB1NYvJSZ0Ef03MMEU/0xpPMXUIQ29UfA==
  dependencies:
    acorn "^8.16.0"
    pathe "^2.0.3"
    pkg-types "^1.3.1"
    ufo "^1.6.3"

muggle-string@^0.4.1:
  version "0.4.1"
  resolved "https://registry.yarnpkg.com/muggle-string/-/muggle-string-0.4.1.tgz#3b366bd43b32f809dc20659534dd30e7c8a0d328"
  integrity sha512-VNTrAak/KhO2i8dqqnqnAHOa3cYBwXEZe9h+D5h/1ZqFSTEFHdM65lR7RoIqq3tBBYavsOXV84NoHXZ0AkPyqQ==

naive-ui@^2.43.2:
  version "2.45.3"
  resolved "https://registry.yarnpkg.com/naive-ui/-/naive-ui-2.45.3.tgz#7be6e163f1b04e0290302742e20853eec1650dd6"
  integrity sha512-D83gJ+6zUdkQ5DuUbmlfyaM1t8pV5WMPa6KmL9mByqQuiL12qBdA0n/iEIth4dQw1x/duNGpOS2anpt5FKO1kw==
  dependencies:
    "@css-render/plugin-bem" "^0.15.14"
    "@css-render/vue3-ssr" "^0.15.14"
    "@types/lodash" "^4.17.20"
    "@types/lodash-es" "^4.17.12"
    async-validator "^4.2.5"
    css-render "^0.15.14"
    csstype "^3.1.3"
    date-fns "^4.1.0"
    date-fns-tz "^3.2.0"
    evtd "^0.2.4"
    highlight.js "^11.8.0"
    lodash "^4.17.21"
    lodash-es "^4.17.21"
    seemly "^0.3.10"
    treemate "^0.3.11"
    vdirs "^0.1.8"
    vooks "^0.2.12"
    vueuc "^0.4.66"

nanoid@^3.3.19:
  version "3.3.20"
  resolved "https://registry.yarnpkg.com/nanoid/-/nanoid-3.3.20.tgz#dfd4444d85aa10111ef66ba85ed72e08ba0855d8"
  integrity sha512-uKdg2G3GNCKQn9byYOpxbGqrT2fGO5KRt5J/8b3pok8rT6qxGWF6hxMyJiEYtAf+FVyYuD9hRaDqX5uPFYJ4ZQ==

nostics@^1.1.4:
  version "1.3.0"
  resolved "https://registry.yarnpkg.com/nostics/-/nostics-1.3.0.tgz#e1d538463acb0207f9a0ef9ec551b075930559c4"
  integrity sha512-wzRsrJwNlFbqIRQt8aCeL2WE8USip/uuvGSOZV1D02CxX8ABTMbw8IywKjH7yWHETMXbWJI4OBpihg9rmz2Vyg==

pathe@^2.0.1, pathe@^2.0.3:
  version "2.0.3"
  resolved "https://registry.yarnpkg.com/pathe/-/pathe-2.0.3.tgz#3ecbec55421685b70a9da872b2cff3e1cbed1716"
  integrity sha512-WUjGcAqP1gQacoQe+OBJsFA7Ld4DyXuUIjZ5cc75cLHvJ7dtNsTugphxIADwspS+AraAUePCKrSVtPLFj/F88w==

perfect-debounce@^1.0.0:
  version "1.0.0"
  resolved "https://registry.yarnpkg.com/perfect-debounce/-/perfect-debounce-1.0.0.tgz#9c2e8bc30b169cc984a58b7d5b28049839591d2a"
  integrity sha512-xCy9V055GLEqoFaHoC1SoLIaLmWctgCUaBaWxDZ7/Zx4CTyX7cJQLJOok/orfjZAh9kEYpjJa4d0KcJmCbctZA==

perfect-debounce@^2.0.0:
  version "2.1.0"
  resolved "https://registry.yarnpkg.com/perfect-debounce/-/perfect-debounce-2.1.0.tgz#e7078e38f231cb191855c3136a4423aef725d261"
  integrity sha512-LjgdTytVFXeUgtHZr9WYViYSM/g8MkcTPYDlPa3cDqMirHjKiSZPYd6DoL7pK8AJQr+uWkQvCjHNdiMqsrJs+g==

picocolors@^1.1.1:
  version "1.1.1"
  resolved "https://registry.yarnpkg.com/picocolors/-/picocolors-1.1.1.tgz#3d321af3eab939b083c8f929a1d12cda81c26b6b"
  integrity sha512-xceH2snhtb5M9liqDsmEw56le376mTZkEX/jEb/RxNFyegNul7eNslCXP9FDj/Lcu0X8KEyMceP2ntpaHrDEVA==

picomatch@^4.0.4, picomatch@^4.0.5, picomatch@^4.0.7:
  version "4.0.7"
  resolved "https://registry.yarnpkg.com/picomatch/-/picomatch-4.0.7.tgz#6313360034ccb36b3dc61ecbdff78121f90fe21f"
  integrity sha512-qcJu88Q2IWqJsDD529JKMdwGm/dvInW4HvQnRwiH9JtihJvzGOscDtHE3x1pBKeUOTysQ8kVmLnJ2kJu7yhcGA==

pinia@^3.0.4:
  version "3.0.4"
  resolved "https://registry.yarnpkg.com/pinia/-/pinia-3.0.4.tgz#75dde12784a61e34c1fa6abcd13c1a1061c360c0"
  integrity sha512-l7pqLUFTI/+ESXn6k3nu30ZIzW5E2WZF/LaHJEpoq6ElcLD+wduZoB2kBN19du6K/4FDpPMazY2wJr+IndBtQw==
  dependencies:
    "@vue/devtools-api" "^7.7.7"

pkg-types@^1.3.1:
  version "1.3.1"
  resolved "https://registry.yarnpkg.com/pkg-types/-/pkg-types-1.3.1.tgz#bd7cc70881192777eef5326c19deb46e890917df"
  integrity sha512-/Jm5M4RvtBFVkKWRu2BLUTNP8/M2a+UwuAX+ae4770q1qVGtfjG+WTCupoZixokjmHiry8uI+dlY8KXYV5HVVQ==
  dependencies:
    confbox "^0.1.8"
    mlly "^1.7.4"
    pathe "^2.0.1"

pkg-types@^2.3.0:
  version "2.3.3"
  resolved "https://registry.yarnpkg.com/pkg-types/-/pkg-types-2.3.3.tgz#7fa477b1050acf906fdb8896bb2accd52c45e3d5"
  integrity sha512-j/lCFdcppV0JxWpCEITdbDltBxPP6cHT+yNJ6Go2OgoSA9518X847X9z0p6LtA4Nc16+eQzCZjRrWanTGvHJ5w==
  dependencies:
    confbox "^0.3.1"
    exsolve "^1.1.1"
    pathe "^2.0.3"

postcss@^8.5.28:
  version "8.5.29"
  resolved "https://registry.yarnpkg.com/postcss/-/postcss-8.5.29.tgz#086a0ded2c0257c71efb8c68776b477774714b4a"
  integrity sha512-49cGhUbXj8Qenv0iTMxA1cFBzxXoctpC9Ujd77t1WcbJIr6nF/eI7g/8MgxrYldFRuAXvja7xQRwavoW7kgrxQ==
  dependencies:
    nanoid "^3.3.19"
    picocolors "^1.1.1"
    source-map-js "^1.2.2"

quansync@^0.2.11:
  version "0.2.11"
  resolved "https://registry.yarnpkg.com/quansync/-/quansync-0.2.11.tgz#f9c3adda2e1272e4f8cf3f1457b04cbdb4ee692a"
  integrity sha512-AifT7QEbW9Nri4tAwR5M/uzpBuqfZf+zwaEM/QkzEjj7NBuFD2rBuy0K3dE+8wltbezDV7JMA0WfnCPYRSYbXA==

readdirp@^5.0.0:
  version "5.1.1"
  resolved "https://registry.yarnpkg.com/readdirp/-/readdirp-5.1.1.tgz#520bca06f9d1ae1b96cc0800dbe84b983d19422c"
  integrity sha512-Kko+Y5XQ6fM+Ce3dq3m9YGxnacYZYl9cA1wZjaF3Vbry2L3i1qVg8+CAgNPsXRArPMUMCaOR7oa9Nqntc43JKA==

rfdc@^1.4.1:
  version "1.4.1"
  resolved "https://registry.yarnpkg.com/rfdc/-/rfdc-1.4.1.tgz#778f76c4fb731d93414e8f925fbecf64cce7f6ca"
  integrity sha512-q1b3N5QkRUWUl7iyylaaj3kOpIT0N2i9MqIEQXP73GVsN9cw3fdx8X63cEmWhJGi2PPCF23Ijp7ktmd39rawIA==

rolldown@~1.2.11:
  version "1.2.12"
  resolved "https://registry.yarnpkg.com/rolldown/-/rolldown-1.2.12.tgz#75215a6b55a2a9e8f577ac937a4fe42d9682ae0c"
  integrity sha512-8wafseiaG80xmXSfqidUNqZcylTlhmPZZt+za2m+js2sFZ8dTNlhIOV2WcbIPx2hgwPBJpEUGFAMZ9bgBBLTSQ==
  dependencies:
    "@oxc-project/types" "=0.152.0"
    "@rolldown/pluginutils" "^1.0.0"
  optionalDependencies:
    "@rolldown/binding-android-arm-eabi" "1.2.12"
    "@rolldown/binding-android-arm64" "1.2.12"
    "@rolldown/binding-darwin-arm64" "1.2.12"
    "@rolldown/binding-darwin-x64" "1.2.12"
    "@rolldown/binding-freebsd-x64" "1.2.12"
    "@rolldown/binding-linux-arm-gnueabihf" "1.2.12"
    "@rolldown/binding-linux-arm64-gnu" "1.2.12"
    "@rolldown/binding-linux-arm64-musl" "1.2.12"
    "@rolldown/binding-linux-ppc64-gnu" "1.2.12"
    "@rolldown/binding-linux-s390x-gnu" "1.2.12"
    "@rolldown/binding-linux-x64-gnu" "1.2.12"
    "@rolldown/binding-linux-x64-musl" "1.2.12"
    "@rolldown/binding-openharmony-arm64" "1.2.12"
    "@rolldown/binding-win32-arm64-msvc" "1.2.12"
    "@rolldown/binding-win32-x64-msvc" "1.2.12"

scule@^1.3.0:
  version "1.3.0"
  resolved "https://registry.yarnpkg.com/scule/-/scule-1.3.0.tgz#6efbd22fd0bb801bdcc585c89266a7d2daa8fbd3"
  integrity sha512-6FtHJEvt+pVMIB9IBY+IcCJ6Z5f1iQnytgyfKMhDKgmzYG+TeH/wx1y3l27rshSbLiSanrR9ffZDrEsmjlQF2g==

seemly@^0.3.10, seemly@^0.3.6:
  version "0.3.10"
  resolved "https://registry.yarnpkg.com/seemly/-/seemly-0.3.10.tgz#acf5d22c85ce855bf3715bbb740d18f544e59746"
  integrity sha512-2+SMxtG1PcsL0uyhkumlOU6Qo9TAQ/WyH7tthnPIOQB05/12jz9naq6GZ6iZ6ApVsO3rr2gsnTf3++OV63kE1Q==

source-map-js@^1.0.2, source-map-js@^1.2.1, source-map-js@^1.2.2:
  version "1.2.2"
  resolved "https://registry.yarnpkg.com/source-map-js/-/source-map-js-1.2.2.tgz#79fb88d97535a21cb27162cb05d211b67acea4ab"
  integrity sha512-KGj/8Y43x35aZVDtt+J4mK1hoLGHULMYfSkODJNQjNDC3oW1PqPoxMwo0pLUsWM/UEGzON/NxeHywEfNXNP3Vw==

speakingurl@^14.0.1:
  version "14.0.1"
  resolved "https://registry.yarnpkg.com/speakingurl/-/speakingurl-14.0.1.tgz#f37ec8ddc4ab98e9600c1c9ec324a8c48d772a53"
  integrity sha512-1POYv7uv2gXoyGFpBCmpDVSNV74IfsWlDW216UPjbWufNf+bSU6GdbDsxdcxtfwb4xlI3yxzOTKClUosxARYrQ==

superjson@^2.2.2:
  version "2.2.6"
  resolved "https://registry.yarnpkg.com/superjson/-/superjson-2.2.6.tgz#a223a3a988172a5f9656e2063fe5f733af40d099"
  integrity sha512-H+ue8Zo4vJmV2nRjpx86P35lzwDT3nItnIsocgumgr0hHMQ+ZGq5vrERg9kJBo5AWGmxZDhzDo+WVIJqkB0cGA==
  dependencies:
    copy-anything "^4"

tinyglobby@^0.2.17:
  version "0.2.17"
  resolved "https://registry.yarnpkg.com/tinyglobby/-/tinyglobby-0.2.17.tgz#562a9a6c9eb2b3b123d39719f9af5bb44fcd7631"
  integrity sha512-wXR/dYpcqKmfWpEdZjiKJOwCNFndD0DMnrW/cYjVGttEkBfVgcLFHoNrlj47mjOVic9yyNu65alsgF4NQyTa2g==
  dependencies:
    fdir "^6.5.0"
    picomatch "^4.0.4"

treemate@^0.3.11:
  version "0.3.11"
  resolved "https://registry.yarnpkg.com/treemate/-/treemate-0.3.11.tgz#7d52f8f69ab9ce326f8d139e0a3d1ffb25e48222"
  integrity sha512-M8RGFoKtZ8dF+iwJfAJTOH/SM4KluKOKRJpjCMhI8bG3qB74zrFoArKZ62ll0Fr3mqkMJiQOmWYkdYgDeITYQg==

ufo@^1.6.3:
  version "1.6.4"
  resolved "https://registry.yarnpkg.com/ufo/-/ufo-1.6.4.tgz#7a8fb875fcc6382d2c7d0b3692738b0500a92467"
  integrity sha512-JFNbkD1Svwe0KvGi8GOeLcP4kAWQ609twvCdcHxq1oSL8svv39ZuSvajcD8B+5D0eL4+s1Is2D/O6KN3qcTeRA==

unplugin-utils@^0.3.0, unplugin-utils@^0.3.2:
  version "0.3.2"
  resolved "https://registry.yarnpkg.com/unplugin-utils/-/unplugin-utils-0.3.2.tgz#22f6856408880b0b2d7dd974084faf94094613ef"
  integrity sha512-xVToRh2CTmLk2HnEG7ac4rl1MJTT3RFkpS8B++/SnB0kXvuaavD+n3m/vrzyWQOdJNSZQACnbz01pnppbwV5BA==
  dependencies:
    pathe "^2.0.3"
    picomatch "^4.0.4"

unplugin@^3.3.0:
  version "3.4.0"
  resolved "https://registry.yarnpkg.com/unplugin/-/unplugin-3.4.0.tgz#c3e19efdb040222f1e767ec07233410995e29275"
  integrity sha512-9skdIFlCsPdFV7wUfZxNsFInlW+7nJmGu2gkTu0OUhF56aXGsHab9x52/QhdJ4lC7ZDPWTxbiC4ANqVlsuaW3w==
  dependencies:
    "@jridgewell/remapping" "^2.3.5"
    picomatch "^4.0.7"
    webpack-virtual-modules "^0.6.2"

vdirs@^0.1.4, vdirs@^0.1.8:
  version "0.1.8"
  resolved "https://registry.yarnpkg.com/vdirs/-/vdirs-0.1.8.tgz#a103bc43baca738f8dea912a7e9737154a19dbc2"
  integrity sha512-H9V1zGRLQZg9b+GdMk8MXDN2Lva0zx72MPahDKc30v+DtwKjfyOSXWRIX4t2mhDubM1H09gPhWeth/BJWPHGUw==
  dependencies:
    evtd "^0.2.2"

vite@^8.3.3:
  version "8.3.3"
  resolved "https://registry.yarnpkg.com/vite/-/vite-8.3.3.tgz#12651726ab1cca0a9e1e649e3cb4dca5b6b006a9"
  integrity sha512-cTAldKPImjg6c+gk48U19POPn3GCBzZwpdsN8ZMEEcbpes+6/wvfqUd0C2y3qYY4wsj8PwgFwrZ/1jBPVttMSg==
  dependencies:
    lightningcss "^1.33.0"
    picomatch "^4.0.7"
    postcss "^8.5.28"
    rolldown "~1.2.11"
    tinyglobby "^0.2.17"
  optionalDependencies:
    fsevents "~2.3.3"

vooks@^0.2.12, vooks@^0.2.4:
  version "0.2.12"
  resolved "https://registry.yarnpkg.com/vooks/-/vooks-0.2.12.tgz#2b6e23330b77bac81c7f7a344c4ca3e9f4f6c373"
  integrity sha512-iox0I3RZzxtKlcgYaStQYKEzWWGAduMmq+jS7OrNdQo1FgGfPMubGL3uGHOU9n97NIvfFDBGnpSvkWyb/NSn/Q==
  dependencies:
    evtd "^0.2.2"

vue-i18n@^11.4.13:
  version "11.4.13"
  resolved "https://registry.yarnpkg.com/vue-i18n/-/vue-i18n-11.4.13.tgz#97ee42c5780b7cc1d3f3e60e3164a1ceb918967a"
  integrity sha512-2G7LC9XcdZ0IljFib7lKGHNiBBOTv6HO+2bnBaOiQgDYZ+uUnqSpuED5DbBo1t7su50o/WRGn+ZfDQTGd26xEw==
  dependencies:
    "@intlify/core-base" "11.4.13"
    "@intlify/devtools-types" "11.4.13"
    "@intlify/shared" "11.4.13"
    "@vue/devtools-api" "^6.5.0"

vue-router@^5.3.1:
  version "5.3.1"
  resolved "https://registry.yarnpkg.com/vue-router/-/vue-router-5.3.1.tgz#9152b9011803e9012f0c134763c6482516bbb13c"
  integrity sha512-GDBZzgmILxA/kFnkFbJjQZdZ2QQbngnIMMuoUcjhZIfH1RGMaPjPwX5ASnV38qamuA9uhO0RDjSBHTDNG2uXyQ==
  dependencies:
    "@vue-macros/common" "^3.1.3"
    "@vue/devtools-api" "^8.1.5"
    ast-walker-scope "^0.9.0"
    chokidar "^5.0.0"
    confbox "^0.2.4"
    local-pkg "^1.2.1"
    magic-string "^0.30.21"
    mlly "^1.8.2"
    muggle-string "^0.4.1"
    nostics "^1.1.4"
    pathe "^2.0.3"
    picomatch "^4.0.5"
    scule "^1.3.0"
    tinyglobby "^0.2.17"
    unplugin "^3.3.0"
    unplugin-utils "^0.3.2"

vue@^3.5.29:
  version "3.5.43"
  resolved "https://registry.yarnpkg.com/vue/-/vue-3.5.43.tgz#bab91368e7b9aad9b89dd92e866b120081deb094"
  integrity sha512-o5qZoksdnjIKvW1srZ3ab7pcDNYAerBjRe54D0LBLfRdCYFrSgBHVXokMas35czQc0//lmx4/tuY4ZNQ+Rf2Ng==
  dependencies:
    "@vue/compiler-dom" "3.5.43"
    "@vue/compiler-sfc" "3.5.43"
    "@vue/runtime-dom" "3.5.43"
    "@vue/server-renderer" "3.5.43"
    "@vue/shared" "3.5.43"

vueuc@^0.4.66:
  version "0.4.66"
  resolved "https://registry.yarnpkg.com/vueuc/-/vueuc-0.4.66.tgz#6454959e0ea37308dca4e24598d685e24839be4e"
  integrity sha512-hHrZl+0AsrUvqYPBXSXQ2QaSrO3razjeUseLAhJWlOS/Hdfw/Y2MU05fOTP1qn1A3121gMxsHLaEz2V6CkWdTg==
  dependencies:
    "@css-render/vue3-ssr" "^0.15.10"
    "@juggle/resize-observer" "^3.3.1"
    css-render "^0.15.10"
    evtd "^0.2.4"
    seemly "^0.3.6"
    vdirs "^0.1.4"
    vooks "^0.2.4"

webpack-virtual-modules@^0.6.2:
  version "0.6.2"
  resolved "https://registry.yarnpkg.com/webpack-virtual-modules/-/webpack-virtual-modules-0.6.2.tgz#057faa9065c8acf48f24cb57ac0e77739ab9a7e8"
  integrity sha512-66/V2i5hQanC51vBQKPH4aI8NMAcBW59FVBs+rC7eGHupMyfn34q7rZIE+ETlJ+XTevqfUhVVBgSUNSW2flEUQ==
